
Microsoft Visual Studio Solution File, Format Version 12.00
# Visual Studio Version 17
VisualStudioVersion = 17.8.34227.203
MinimumVisualStudioVersion = 10.0.40219.1
Project("{9A19103F-16F7-4668-BE54-9A1E7A4F7556}") = "Gtk", "Gtk\Gtk.csproj", "{C28ECAD6-3F2E-4F90-A4A1-680BD249D9B5}"
EndProject
Project("{9A19103F-16F7-4668-BE54-9A1E7A4F7556}") = "Employees", "Employees\Employees.csproj", "{4FE7C158-8853-4444-B4F7-87E9A409057B}"
EndProject
Project("{9A19103F-16F7-4668-BE54-9A1E7A4F7556}") = "Winforms", "Winforms\Winforms.csproj", "{72C32217-765F-4E1D-83A4-1EF335CF3B4B}"
EndProject
Project("{9A19103F-16F7-4668-BE54-9A1E7A4F7556}") = "Wpf", "Wpf\Wpf.csproj", "{84F29322-415E-4858-A36D-02A0AC8BAF22}"
EndProject
Global
	GlobalSection(SolutionConfigurationPlatforms) = preSolution
		Debug|Any CPU = Debug|Any CPU
		Release|Any CPU = Release|Any CPU
	EndGlobalSection
	GlobalSection(ProjectConfigurationPlatforms) = postSolution
		{C28ECAD6-3F2E-4F90-A4A1-680BD249D9B5}.Debug|Any CPU.ActiveCfg = Debug|Any CPU
		{C28ECAD6-3F2E-4F90-A4A1-680BD249D9B5}.Debug|Any CPU.Build.0 = Debug|Any CPU
		{C28ECAD6-3F2E-4F90-A4A1-680BD249D9B5}.Release|Any CPU.ActiveCfg = Release|Any CPU
		{C28ECAD6-3F2E-4F90-A4A1-680BD249D9B5}.Release|Any CPU.Build.0 = Release|Any CPU
		{4FE7C158-8853-4444-B4F7-87E9A409057B}.Debug|Any CPU.ActiveCfg = Debug|Any CPU
		{4FE7C158-8853-4444-B4F7-87E9A409057B}.Debug|Any CPU.Build.0 = Debug|Any CPU
		{4FE7C158-8853-4444-B4F7-87E9A409057B}.Release|Any CPU.ActiveCfg = Release|Any CPU
		{4FE7C158-8853-4444-B4F7-87E9A409057B}.Release|Any CPU.Build.0 = Release|Any CPU
		{72C32217-765F-4E1D-83A4-1EF335CF3B4B}.Debug|Any CPU.ActiveCfg = Debug|Any CPU
		{72C32217-765F-4E1D-83A4-1EF335CF3B4B}.Debug|Any CPU.Build.0 = Debug|Any CPU
		{72C32217-765F-4E1D-83A4-1EF335CF3B4B}.Release|Any CPU.ActiveCfg = Release|Any CPU
		{72C32217-765F-4E1D-83A4-1EF335CF3B4B}.Release|Any CPU.Build.0 = Release|Any CPU
		{84F29322-415E-4858-A36D-02A0AC8BAF22}.Debug|Any CPU.ActiveCfg = Debug|Any CPU
		{84F29322-415E-4858-A36D-02A0AC8BAF22}.Debug|Any CPU.Build.0 = Debug|Any CPU
		{84F29322-415E-4858-A36D-02A0AC8BAF22}.Release|Any CPU.ActiveCfg = Release|Any CPU
		{84F29322-415E-4858-A36D-02A0AC8BAF22}.Release|Any CPU.Build.0 = Release|Any CPU
	EndGlobalSection
	GlobalSection(SolutionProperties) = preSolution
		HideSolutionNode = FALSE
	EndGlobalSection
	GlobalSection(ExtensibilityGlobals) = postSolution
		SolutionGuid = {2A90D4CD-8286-46C2-91B7-57E96B4313F3}
	EndGlobalSection
EndGlobal
